
Microsoft Visual Studio Solution File, Format Version 12.00
# Visual Studio Version 17
VisualStudioVersion = 17.0.32126.317
MinimumVisualStudioVersion = 10.0.40219.1
Project("{FAE04EC0-301F-11D3-BF4B-00C04F79EFBC}") = "TodoDataLibrary", "TodoDataLibrary\TodoDataLibrary.csproj", "{9E519C98-A41D-4773-80B9-888B87D2D90E}"
EndProject
Global
	GlobalSection(SolutionConfigurationPlatforms) = preSolution
		Debug|Any CPU = Debug|Any CPU
		Release|Any CPU = Release|Any CPU
	EndGlobalSection
	GlobalSection(ProjectConfigurationPlatforms) = postSolution
		{9E519C98-A41D-4773-80B9-888B87D2D90E}.Debug|Any CPU.ActiveCfg = Debug|Any CPU
		{9E519C98-A41D-4773-80B9-888B87D2D90E}.Debug|Any CPU.Build.0 = Debug|Any CPU
		{9E519C98-A41D-4773-80B9-888B87D2D90E}.Release|Any CPU.ActiveCfg = Release|Any CPU
		{9E519C98-A41D-4773-80B9-888B87D2D90E}.Release|Any CPU.Build.0 = Release|Any CPU
	EndGlobalSection
	GlobalSection(SolutionProperties) = preSolution
		HideSolutionNode = FALSE
	EndGlobalSection
	GlobalSection(ExtensibilityGlobals) = postSolution
		SolutionGuid = {EE090AC0-B0E0-4342-862C-3DA61F4EA708}
	EndGlobalSection
EndGlobal
