
Microsoft Visual Studio Solution File, Format Version 12.00
# Visual Studio Version 17
VisualStudioVersion = 17.0.32126.317
MinimumVisualStudioVersion = 10.0.40219.1
Project("{9A19103F-16F7-4668-BE54-9A1E7A4F7556}") = "TodoDataLibrary", "TodoDataLibrary\TodoDataLibrary.csproj", "{9E519C98-A41D-4773-80B9-888B87D2D90E}"
EndProject
Project("{9A19103F-16F7-4668-BE54-9A1E7A4F7556}") = "Todo.Web", "Todo.Web\Todo.Web.csproj", "{BB16D328-B2CF-489F-8175-66D3B57266FB}"
EndProject
Global
	GlobalSection(SolutionConfigurationPlatforms) = preSolution
		Debug|Any CPU = Debug|Any CPU
		Release|Any CPU = Release|Any CPU
	EndGlobalSection
	GlobalSection(ProjectConfigurationPlatforms) = postSolution
		{9E519C98-A41D-4773-80B9-888B87D2D90E}.Debug|Any CPU.ActiveCfg = Debug|Any CPU
		{9E519C98-A41D-4773-80B9-888B87D2D90E}.Debug|Any CPU.Build.0 = Debug|Any CPU
		{9E519C98-A41D-4773-80B9-888B87D2D90E}.Release|Any CPU.ActiveCfg = Release|Any CPU
		{9E519C98-A41D-4773-80B9-888B87D2D90E}.Release|Any CPU.Build.0 = Release|Any CPU
		{BB16D328-B2CF-489F-8175-66D3B57266FB}.Debug|Any CPU.ActiveCfg = Debug|Any CPU
		{BB16D328-B2CF-489F-8175-66D3B57266FB}.Debug|Any CPU.Build.0 = Debug|Any CPU
		{BB16D328-B2CF-489F-8175-66D3B57266FB}.Release|Any CPU.ActiveCfg = Release|Any CPU
		{BB16D328-B2CF-489F-8175-66D3B57266FB}.Release|Any CPU.Build.0 = Release|Any CPU
	EndGlobalSection
	GlobalSection(SolutionProperties) = preSolution
		HideSolutionNode = FALSE
	EndGlobalSection
	GlobalSection(ExtensibilityGlobals) = postSolution
		SolutionGuid = {EE090AC0-B0E0-4342-862C-3DA61F4EA708}
	EndGlobalSection
EndGlobal
